
Microsoft Visual Studio Solution File, Format Version 12.00
# Visual Studio Version 16
VisualStudioVersion = 16.0.31727.386
MinimumVisualStudioVersion = 10.0.40219.1
Project("{FAE04EC0-301F-11D3-BF4B-00C04F79EFBC}") = "NHOM_18", "NHOM_18\NHOM_18.csproj", "{318F16CC-05B0-4CC5-B140-76C3145D1CAB}"
EndProject
Global
	GlobalSection(SolutionConfigurationPlatforms) = preSolution
		Debug|Any CPU = Debug|Any CPU
		Release|Any CPU = Release|Any CPU
	EndGlobalSection
	GlobalSection(ProjectConfigurationPlatforms) = postSolution
		{318F16CC-05B0-4CC5-B140-76C3145D1CAB}.Debug|Any CPU.ActiveCfg = Debug|Any CPU
		{318F16CC-05B0-4CC5-B140-76C3145D1CAB}.Debug|Any CPU.Build.0 = Debug|Any CPU
		{318F16CC-05B0-4CC5-B140-76C3145D1CAB}.Release|Any CPU.ActiveCfg = Release|Any CPU
		{318F16CC-05B0-4CC5-B140-76C3145D1CAB}.Release|Any CPU.Build.0 = Release|Any CPU
	EndGlobalSection
	GlobalSection(SolutionProperties) = preSolution
		HideSolutionNode = FALSE
	EndGlobalSection
	GlobalSection(ExtensibilityGlobals) = postSolution
		SolutionGuid = {6FA342C0-ED91-4434-B289-16E6FFC38F21}
	EndGlobalSection
EndGlobal
